
Microsoft Visual Studio Solution File, Format Version 12.00
# Visual Studio Version 16
VisualStudioVersion = 16.0.30114.105
MinimumVisualStudioVersion = 10.0.40219.1
Project("{FAE04EC0-301F-11D3-BF4B-00C04F79EFBC}") = "Eventos.Application", "Eventos.Application\Eventos.Application.csproj", "{8CCBAF65-0C68-41F4-AA01-30026ED617F1}"
EndProject
Project("{FAE04EC0-301F-11D3-BF4B-00C04F79EFBC}") = "Eventos.Domain", "Eventos.Domain\Eventos.Domain.csproj", "{B5E06A05-F4B8-4A02-8820-3C7DA1F3246C}"
EndProject
Project("{FAE04EC0-301F-11D3-BF4B-00C04F79EFBC}") = "Eventos.API", "Eventos.API\Eventos.API.csproj", "{B093413A-CE97-4A77-8FE9-7D2C618166B5}"
EndProject
Project("{FAE04EC0-301F-11D3-BF4B-00C04F79EFBC}") = "Eventos.Persistence", "Eventos.Persistence\Eventos.Persistence.csproj", "{14CE9CC6-2FDA-4DEC-A385-06DF08A667C2}"
EndProject
Global
	GlobalSection(SolutionConfigurationPlatforms) = preSolution
		Debug|Any CPU = Debug|Any CPU
		Debug|x64 = Debug|x64
		Debug|x86 = Debug|x86
		Release|Any CPU = Release|Any CPU
		Release|x64 = Release|x64
		Release|x86 = Release|x86
	EndGlobalSection
	GlobalSection(SolutionProperties) = preSolution
		HideSolutionNode = FALSE
	EndGlobalSection
	GlobalSection(ProjectConfigurationPlatforms) = postSolution
		{8CCBAF65-0C68-41F4-AA01-30026ED617F1}.Debug|Any CPU.ActiveCfg = Debug|Any CPU
		{8CCBAF65-0C68-41F4-AA01-30026ED617F1}.Debug|Any CPU.Build.0 = Debug|Any CPU
		{8CCBAF65-0C68-41F4-AA01-30026ED617F1}.Debug|x64.ActiveCfg = Debug|Any CPU
		{8CCBAF65-0C68-41F4-AA01-30026ED617F1}.Debug|x64.Build.0 = Debug|Any CPU
		{8CCBAF65-0C68-41F4-AA01-30026ED617F1}.Debug|x86.ActiveCfg = Debug|Any CPU
		{8CCBAF65-0C68-41F4-AA01-30026ED617F1}.Debug|x86.Build.0 = Debug|Any CPU
		{8CCBAF65-0C68-41F4-AA01-30026ED617F1}.Release|Any CPU.ActiveCfg = Release|Any CPU
		{8CCBAF65-0C68-41F4-AA01-30026ED617F1}.Release|Any CPU.Build.0 = Release|Any CPU
		{8CCBAF65-0C68-41F4-AA01-30026ED617F1}.Release|x64.ActiveCfg = Release|Any CPU
		{8CCBAF65-0C68-41F4-AA01-30026ED617F1}.Release|x64.Build.0 = Release|Any CPU
		{8CCBAF65-0C68-41F4-AA01-30026ED617F1}.Release|x86.ActiveCfg = Release|Any CPU
		{8CCBAF65-0C68-41F4-AA01-30026ED617F1}.Release|x86.Build.0 = Release|Any CPU
		{B5E06A05-F4B8-4A02-8820-3C7DA1F3246C}.Debug|Any CPU.ActiveCfg = Debug|Any CPU
		{B5E06A05-F4B8-4A02-8820-3C7DA1F3246C}.Debug|Any CPU.Build.0 = Debug|Any CPU
		{B5E06A05-F4B8-4A02-8820-3C7DA1F3246C}.Debug|x64.ActiveCfg = Debug|Any CPU
		{B5E06A05-F4B8-4A02-8820-3C7DA1F3246C}.Debug|x64.Build.0 = Debug|Any CPU
		{B5E06A05-F4B8-4A02-8820-3C7DA1F3246C}.Debug|x86.ActiveCfg = Debug|Any CPU
		{B5E06A05-F4B8-4A02-8820-3C7DA1F3246C}.Debug|x86.Build.0 = Debug|Any CPU
		{B5E06A05-F4B8-4A02-8820-3C7DA1F3246C}.Release|Any CPU.ActiveCfg = Release|Any CPU
		{B5E06A05-F4B8-4A02-8820-3C7DA1F3246C}.Release|Any CPU.Build.0 = Release|Any CPU
		{B5E06A05-F4B8-4A02-8820-3C7DA1F3246C}.Release|x64.ActiveCfg = Release|Any CPU
		{B5E06A05-F4B8-4A02-8820-3C7DA1F3246C}.Release|x64.Build.0 = Release|Any CPU
		{B5E06A05-F4B8-4A02-8820-3C7DA1F3246C}.Release|x86.ActiveCfg = Release|Any CPU
		{B5E06A05-F4B8-4A02-8820-3C7DA1F3246C}.Release|x86.Build.0 = Release|Any CPU
		{B093413A-CE97-4A77-8FE9-7D2C618166B5}.Debug|Any CPU.ActiveCfg = Debug|Any CPU
		{B093413A-CE97-4A77-8FE9-7D2C618166B5}.Debug|Any CPU.Build.0 = Debug|Any CPU
		{B093413A-CE97-4A77-8FE9-7D2C618166B5}.Debug|x64.ActiveCfg = Debug|Any CPU
		{B093413A-CE97-4A77-8FE9-7D2C618166B5}.Debug|x64.Build.0 = Debug|Any CPU
		{B093413A-CE97-4A77-8FE9-7D2C618166B5}.Debug|x86.ActiveCfg = Debug|Any CPU
		{B093413A-CE97-4A77-8FE9-7D2C618166B5}.Debug|x86.Build.0 = Debug|Any CPU
		{B093413A-CE97-4A77-8FE9-7D2C618166B5}.Release|Any CPU.ActiveCfg = Release|Any CPU
		{B093413A-CE97-4A77-8FE9-7D2C618166B5}.Release|Any CPU.Build.0 = Release|Any CPU
		{B093413A-CE97-4A77-8FE9-7D2C618166B5}.Release|x64.ActiveCfg = Release|Any CPU
		{B093413A-CE97-4A77-8FE9-7D2C618166B5}.Release|x64.Build.0 = Release|Any CPU
		{B093413A-CE97-4A77-8FE9-7D2C618166B5}.Release|x86.ActiveCfg = Release|Any CPU
		{B093413A-CE97-4A77-8FE9-7D2C618166B5}.Release|x86.Build.0 = Release|Any CPU
		{14CE9CC6-2FDA-4DEC-A385-06DF08A667C2}.Debug|Any CPU.ActiveCfg = Debug|Any CPU
		{14CE9CC6-2FDA-4DEC-A385-06DF08A667C2}.Debug|Any CPU.Build.0 = Debug|Any CPU
		{14CE9CC6-2FDA-4DEC-A385-06DF08A667C2}.Debug|x64.ActiveCfg = Debug|Any CPU
		{14CE9CC6-2FDA-4DEC-A385-06DF08A667C2}.Debug|x64.Build.0 = Debug|Any CPU
		{14CE9CC6-2FDA-4DEC-A385-06DF08A667C2}.Debug|x86.ActiveCfg = Debug|Any CPU
		{14CE9CC6-2FDA-4DEC-A385-06DF08A667C2}.Debug|x86.Build.0 = Debug|Any CPU
		{14CE9CC6-2FDA-4DEC-A385-06DF08A667C2}.Release|Any CPU.ActiveCfg = Release|Any CPU
		{14CE9CC6-2FDA-4DEC-A385-06DF08A667C2}.Release|Any CPU.Build.0 = Release|Any CPU
		{14CE9CC6-2FDA-4DEC-A385-06DF08A667C2}.Release|x64.ActiveCfg = Release|Any CPU
		{14CE9CC6-2FDA-4DEC-A385-06DF08A667C2}.Release|x64.Build.0 = Release|Any CPU
		{14CE9CC6-2FDA-4DEC-A385-06DF08A667C2}.Release|x86.ActiveCfg = Release|Any CPU
		{14CE9CC6-2FDA-4DEC-A385-06DF08A667C2}.Release|x86.Build.0 = Release|Any CPU
	EndGlobalSection
EndGlobal
